{
  "name": "onsenui-v2-angular2-minimum",
  "version": "2.3.2+20170719.1",
  "lockfileVersion": 1,
  "requires": true,
  "dependencies": {
    "@angular/common": {
      "version": "2.4.3",
      "resolved": "https://registry.npmjs.org/@angular/common/-/common-2.4.3.tgz",
      "integrity": "sha1-eNlr0vihoQX2Nc0l42K6VwS0f1Y="
    },
    "@angular/compiler": {
      "version": "2.4.3",
      "resolved": "https://registry.npmjs.org/@angular/compiler/-/compiler-2.4.3.tgz",
      "integrity": "sha1-dqQZFvkO2mZkMQd0DEqa5Fy3psE="
    },
    "@angular/compiler-cli": {
      "version": "2.4.3",
      "resolved": "https://registry.npmjs.org/@angular/compiler-cli/-/compiler-cli-2.4.3.tgz",
      "integrity": "sha1-gznC9CjSnfPqDqwX8I0pb8h+sWA=",
      "requires": {
        "@angular/tsc-wrapped": "0.5.1",
        "minimist": "1.2.0",
        "reflect-metadata": "0.1.10"
      },
      "dependencies": {
        "@angular/tsc-wrapped": {
          "version": "0.5.1",
          "resolved": "https://registry.npmjs.org/@angular/tsc-wrapped/-/tsc-wrapped-0.5.1.tgz",
          "integrity": "sha1-emm+yZnu9BkD3dqszchiz8+s5Sw=",
          "requires": {
            "tsickle": "0.2.6"
          },
          "dependencies": {
            "tsickle": {
              "version": "0.2.6",
              "resolved": "https://registry.npmjs.org/tsickle/-/tsickle-0.2.6.tgz",
              "integrity": "sha1-rUq/kudOvfP7WqGHyoWwIGb+Ghs=",
              "requires": {
                "minimist": "1.2.0",
                "mkdirp": "0.5.1",
                "source-map": "0.5.6",
                "source-map-support": "0.4.15"
              },
              "dependencies": {
                "mkdirp": {
                  "version": "0.5.1",
                  "resolved": "https://registry.npmjs.org/mkdirp/-/mkdirp-0.5.1.tgz",
                  "integrity": "sha1-MAV0OOrGz3+MR2fzhkjWaX11yQM=",
                  "requires": {
                    "minimist": "0.0.8"
                  },
                  "dependencies": {
                    "minimist": {
                      "version": "0.0.8",
                      "resolved": "https://registry.npmjs.org/minimist/-/minimist-0.0.8.tgz",
                      "integrity": "sha1-hX/Kv8M5fSYluCKCYuhqp6ARsF0="
                    }
                  }
                },
                "source-map": {
                  "version": "0.5.6",
                  "resolved": "https://registry.npmjs.org/source-map/-/source-map-0.5.6.tgz",
                  "integrity": "sha1-dc449SvwczxafwwRjYEzSiu19BI="
                },
                "source-map-support": {
                  "version": "0.4.15",
                  "resolved": "https://registry.npmjs.org/source-map-support/-/source-map-support-0.4.15.tgz",
                  "integrity": "sha1-AyAt9lwG0r2MfsI2KhkwVv7407E=",
                  "requires": {
                    "source-map": "0.5.6"
                  }
                }
              }
            }
          }
        },
        "minimist": {
          "version": "1.2.0",
          "resolved": "https://registry.npmjs.org/minimist/-/minimist-1.2.0.tgz",
          "integrity": "sha1-o1AIsg9BOD7sH7kU9M1d95omQoQ="
        },
        "reflect-metadata": {
          "version": "0.1.10",
          "resolved": "https://registry.npmjs.org/reflect-metadata/-/reflect-metadata-0.1.10.tgz",
          "integrity": "sha1-tPg3BEFqytiZiMmxVjXUfgO5NEo="
        }
      }
    },
    "@angular/core": {
      "version": "2.4.3",
      "resolved": "https://registry.npmjs.org/@angular/core/-/core-2.4.3.tgz",
      "integrity": "sha1-pyoTu58BZZuDiFWM1uOlcKhDSxw="
    },
    "@angular/http": {
      "version": "2.4.3",
      "resolved": "https://registry.npmjs.org/@angular/http/-/http-2.4.3.tgz",
      "integrity": "sha1-2K/Kc2LvsBBgD94CNg4B6EhXm+Y="
    },
    "@angular/platform-browser": {
      "version": "2.4.3",
      "resolved": "https://registry.npmjs.org/@angular/platform-browser/-/platform-browser-2.4.3.tgz",
      "integrity": "sha1-66hYjS//w50LhakYDCl9nKLx86Q="
    },
    "@angular/platform-browser-dynamic": {
      "version": "2.4.3",
      "resolved": "https://registry.npmjs.org/@angular/platform-browser-dynamic/-/platform-browser-dynamic-2.4.3.tgz",
      "integrity": "sha1-1lzJvESH4qhuLG9mQccR/M+pDFo="
    },
    "@types/core-js": {
      "version": "0.9.35",
      "resolved": "https://registry.npmjs.org/@types/core-js/-/core-js-0.9.35.tgz",
      "integrity": "sha1-REBk5jcRzcxi6oRNJ2QvbvwihfI="
    },
    "angular2-onsenui": {
      "version": "1.0.0-rc.6",
      "resolved": "https://registry.npmjs.org/angular2-onsenui/-/angular2-onsenui-1.0.0-rc.6.tgz",
      "integrity": "sha1-ZhPkdnZWlRPTJxQZKAfeZocRtBs="
    },
    "core-js": {
      "version": "2.4.1",
      "resolved": "https://registry.npmjs.org/core-js/-/core-js-2.4.1.tgz",
      "integrity": "sha1-TekR5mew6ukSTjQlS1OupvxhjT4="
    },
    "onsenui": {
      "version": "2.2.6",
      "resolved": "https://registry.npmjs.org/onsenui/-/onsenui-2.2.6.tgz",
      "integrity": "sha1-pYRziUacaf2BSXaqD4LeJB8DJ+M="
    },
    "rxjs": {
      "version": "5.0.3",
      "resolved": "https://registry.npmjs.org/rxjs/-/rxjs-5.0.3.tgz",
      "integrity": "sha1-/IvfRk6/k4gSdI5BlniPOS/vl1Q=",
      "requires": {
        "symbol-observable": "1.0.4"
      },
      "dependencies": {
        "symbol-observable": {
          "version": "1.0.4",
          "resolved": "https://registry.npmjs.org/symbol-observable/-/symbol-observable-1.0.4.tgz",
          "integrity": "sha1-Kb9hXUqnEhvdiYsi1LP5vE4qoD0="
        }
      }
    },
    "tapable": {
      "version": "0.2.7",
      "resolved": "https://registry.npmjs.org/tapable/-/tapable-0.2.7.tgz",
      "integrity": "sha1-5GwNqsuyuKmLmwzqD0BSEFgX7Vw="
    },
    "ts-loader": {
      "version": "1.3.3",
      "resolved": "https://registry.npmjs.org/ts-loader/-/ts-loader-1.3.3.tgz",
      "integrity": "sha1-MMYgPh5muEGohwHtiFjxcl2UsCY=",
      "requires": {
        "colors": "1.1.2",
        "enhanced-resolve": "3.3.0",
        "loader-utils": "0.2.17",
        "object-assign": "4.1.1",
        "semver": "5.3.0"
      },
      "dependencies": {
        "colors": {
          "version": "1.1.2",
          "resolved": "https://registry.npmjs.org/colors/-/colors-1.1.2.tgz",
          "integrity": "sha1-FopHAXVran9RoSzgyXv6KMCE7WM="
        },
        "enhanced-resolve": {
          "version": "3.3.0",
          "resolved": "https://registry.npmjs.org/enhanced-resolve/-/enhanced-resolve-3.3.0.tgz",
          "integrity": "sha1-lQlk7MfwMypCMhtnOzjcj/FVNbM=",
          "requires": {
            "graceful-fs": "4.1.11",
            "memory-fs": "0.4.1",
            "object-assign": "4.1.1",
            "tapable": "0.2.7"
          },
          "dependencies": {
            "graceful-fs": {
              "version": "4.1.11",
              "resolved": "https://registry.npmjs.org/graceful-fs/-/graceful-fs-4.1.11.tgz",
              "integrity": "sha1-Dovf5NHduIVNZOBOp8AOKgJuVlg="
            },
            "memory-fs": {
              "version": "0.4.1",
              "resolved": "https://registry.npmjs.org/memory-fs/-/memory-fs-0.4.1.tgz",
              "integrity": "sha1-OpoguEYlI+RHz7x+i7gO1me/xVI=",
              "requires": {
                "errno": "0.1.4",
                "readable-stream": "2.3.3"
              },
              "dependencies": {
                "errno": {
                  "version": "0.1.4",
                  "resolved": "https://registry.npmjs.org/errno/-/errno-0.1.4.tgz",
                  "integrity": "sha1-uJbiOp5ei6M4cfyZar02NfyaHH0=",
                  "requires": {
                    "prr": "0.0.0"
                  },
                  "dependencies": {
                    "prr": {
                      "version": "0.0.0",
                      "resolved": "https://registry.npmjs.org/prr/-/prr-0.0.0.tgz",
                      "integrity": "sha1-GoS4WQgyVQFBGFPQCB7j+obikmo="
                    }
                  }
                },
                "readable-stream": {
                  "version": "2.3.3",
                  "resolved": "https://registry.npmjs.org/readable-stream/-/readable-stream-2.3.3.tgz",
                  "integrity": "sha1-No8lEtefnUb9/HE0mueHi7weuVw=",
                  "requires": {
                    "core-util-is": "1.0.2",
                    "inherits": "2.0.3",
                    "isarray": "1.0.0",
                    "process-nextick-args": "1.0.7",
                    "safe-buffer": "5.1.1",
                    "string_decoder": "1.0.3",
                    "util-deprecate": "1.0.2"
                  },
                  "dependencies": {
                    "core-util-is": {
                      "version": "1.0.2",
                      "resolved": "https://registry.npmjs.org/core-util-is/-/core-util-is-1.0.2.tgz",
                      "integrity": "sha1-tf1UIgqivFq1eqtxQMlAdUUDwac="
                    },
                    "inherits": {
                      "version": "2.0.3",
                      "resolved": "https://registry.npmjs.org/inherits/-/inherits-2.0.3.tgz",
                      "integrity": "sha1-Yzwsg+PaQqUC9SRmAiSA9CCCYd4="
                    },
                    "isarray": {
                      "version": "1.0.0",
                      "resolved": "https://registry.npmjs.org/isarray/-/isarray-1.0.0.tgz",
                      "integrity": "sha1-u5NdSFgsuhaMBoNJV6VKPgcSTxE="
                    },
                    "process-nextick-args": {
                      "version": "1.0.7",
                      "resolved": "https://registry.npmjs.org/process-nextick-args/-/process-nextick-args-1.0.7.tgz",
                      "integrity": "sha1-FQ4gt1ZZCtP5EJPyWk8q2L/zC6M="
                    },
                    "safe-buffer": {
                      "version": "5.1.1",
                      "resolved": "https://registry.npmjs.org/safe-buffer/-/safe-buffer-5.1.1.tgz",
                      "integrity": "sha1-iTMSr2myEj3vcfV4iQAWce6yyFM="
                    },
                    "string_decoder": {
                      "version": "1.0.3",
                      "resolved": "https://registry.npmjs.org/string_decoder/-/string_decoder-1.0.3.tgz",
                      "integrity": "sha1-D8Z9fBQYJd6UKC3VNr7GubzoYKs=",
                      "requires": {
                        "safe-buffer": "5.1.1"
                      }
                    },
                    "util-deprecate": {
                      "version": "1.0.2",
                      "resolved": "https://registry.npmjs.org/util-deprecate/-/util-deprecate-1.0.2.tgz",
                      "integrity": "sha1-RQ1Nyfpw3nMnYvvS1KKJgUGaDM8="
                    }
                  }
                }
              }
            },
            "tapable": {
              "version": "0.2.7",
              "resolved": "https://registry.npmjs.org/tapable/-/tapable-0.2.7.tgz",
              "integrity": "sha1-5GwNqsuyuKmLmwzqD0BSEFgX7Vw="
            }
          }
        },
        "loader-utils": {
          "version": "0.2.17",
          "resolved": "https://registry.npmjs.org/loader-utils/-/loader-utils-0.2.17.tgz",
          "integrity": "sha1-+G5jdNQyBabmxg6RlvF8Apm/s0g=",
          "requires": {
            "big.js": "3.1.3",
            "emojis-list": "2.1.0",
            "json5": "0.5.1",
            "object-assign": "4.1.1"
          },
          "dependencies": {
            "big.js": {
              "version": "3.1.3",
              "resolved": "https://registry.npmjs.org/big.js/-/big.js-3.1.3.tgz",
              "integrity": "sha1-TK2iGTZS6zyp7I5VyQFWacmAaXg="
            },
            "emojis-list": {
              "version": "2.1.0",
              "resolved": "https://registry.npmjs.org/emojis-list/-/emojis-list-2.1.0.tgz",
              "integrity": "sha1-TapNnbAPmBmIDHn6RXrlsJof04k="
            },
            "json5": {
              "version": "0.5.1",
              "resolved": "https://registry.npmjs.org/json5/-/json5-0.5.1.tgz",
              "integrity": "sha1-Hq3nrMASA0rYTiOWdn6tn6VJWCE="
            }
          }
        },
        "object-assign": {
          "version": "4.1.1",
          "resolved": "https://registry.npmjs.org/object-assign/-/object-assign-4.1.1.tgz",
          "integrity": "sha1-IQmtx5ZYh8/AXLvUQsrIv7s2CGM="
        },
        "semver": {
          "version": "5.3.0",
          "resolved": "https://registry.npmjs.org/semver/-/semver-5.3.0.tgz",
          "integrity": "sha1-myzl094C0XxgEq0yaqa00M9U+U8="
        }
      }
    },
    "typescript": {
      "version": "2.1.5",
      "resolved": "https://registry.npmjs.org/typescript/-/typescript-2.1.5.tgz",
      "integrity": "sha1-b+lHngDgGFUkfOohbnVhuvzbzUo="
    },
    "zone.js": {
      "version": "0.7.6",
      "resolved": "https://registry.npmjs.org/zone.js/-/zone.js-0.7.6.tgz",
      "integrity": "sha1-+7w50+AmHQmG8boGMG6zrrDSIAk="
    }
  }
}
